Microsoft Visual Studio Solution File, Format Version 12.00
# Visual Studio Version 17
VisualStudioVersion = 17.5.2.0
MinimumVisualStudioVersion = 10.0.40219.1
Project("{FAE04EC0-301F-11D3-BF4B-00C04F79EFBC}") = "BSDisplayControl", "BSDisplayControl.csproj", "{046DE634-04E6-F19A-2BA8-24A9D596DF8F}"
EndProject
Global
	GlobalSection(SolutionConfigurationPlatforms) = preSolution
		Debug|Any CPU = Debug|Any CPU
		Release|Any CPU = Release|Any CPU
	EndGlobalSection
	GlobalSection(ProjectConfigurationPlatforms) = postSolution
		{046DE634-04E6-F19A-2BA8-24A9D596DF8F}.Debug|Any CPU.ActiveCfg = Debug|Any CPU
		{046DE634-04E6-F19A-2BA8-24A9D596DF8F}.Debug|Any CPU.Build.0 = Debug|Any CPU
		{046DE634-04E6-F19A-2BA8-24A9D596DF8F}.Release|Any CPU.ActiveCfg = Release|Any CPU
		{046DE634-04E6-F19A-2BA8-24A9D596DF8F}.Release|Any CPU.Build.0 = Release|Any CPU
	EndGlobalSection
	GlobalSection(SolutionProperties) = preSolution
		HideSolutionNode = FALSE
	EndGlobalSection
	GlobalSection(ExtensibilityGlobals) = postSolution
		SolutionGuid = {5FDB2E68-EB2E-43C2-A551-45F6301214D5}
	EndGlobalSection
EndGlobal
